
Microsoft Visual Studio Solution File, Format Version 12.00
# Visual Studio Version 17
VisualStudioVersion = 17.2.32630.192
MinimumVisualStudioVersion = 10.0.40219.1
Project("{FAE04EC0-301F-11D3-BF4B-00C04F79EFBC}") = "GItlabRequest", "GItlabRequest\GItlabRequest.csproj", "{B9D0CFA8-C020-4D47-A91B-A6DDA1D50F0C}"
EndProject
Global
	GlobalSection(SolutionConfigurationPlatforms) = preSolution
		Debug|Any CPU = Debug|Any CPU
		Release|Any CPU = Release|Any CPU
	EndGlobalSection
	GlobalSection(ProjectConfigurationPlatforms) = postSolution
		{B9D0CFA8-C020-4D47-A91B-A6DDA1D50F0C}.Debug|Any CPU.ActiveCfg = Debug|Any CPU
		{B9D0CFA8-C020-4D47-A91B-A6DDA1D50F0C}.Debug|Any CPU.Build.0 = Debug|Any CPU
		{B9D0CFA8-C020-4D47-A91B-A6DDA1D50F0C}.Release|Any CPU.ActiveCfg = Release|Any CPU
		{B9D0CFA8-C020-4D47-A91B-A6DDA1D50F0C}.Release|Any CPU.Build.0 = Release|Any CPU
	EndGlobalSection
	GlobalSection(SolutionProperties) = preSolution
		HideSolutionNode = FALSE
	EndGlobalSection
	GlobalSection(ExtensibilityGlobals) = postSolution
		SolutionGuid = {F9D1D9F0-D61E-4D65-B465-9A3904D03C22}
	EndGlobalSection
EndGlobal
